<?xml version="1.0" encoding="utf-8"?>
<Project ToolsVersion="4.0" xmlns="http://schemas.microsoft.com/developer/msbuild/2003">
  <ItemGroup>
    <ClCompile Include="symbols.cpp" />
  </ItemGroup>
  <ItemGroup>
    <None Include="deps\AMC4030.def" />
    <None Include="deps\AMC4030-x86.def" />
    <None Include="deps\AMC4030-x64.def" />
  </ItemGroup>
</Project>